github.com/Sawdust-Savage-Arbor-Co/hugo-fresh v0.0.0-20240911194243-a258ebc1ab58 h1:7Q4zBBtkqSETbi7VP3bS+apYrDiW6AXz1CdhK/APwUU=
github.com/Sawdust-Savage-Arbor-Co/hugo-fresh v0.0.0-20240911194243-a258ebc1ab58/go.mod h1:VegCAOiHg0zVJlXLJXsHf+O4lBLGENnYGioV4mcJwCQ=
github.com/jgthms/bulma v0.0.0-20240904155414-9a1b6201955d h1:eHJj4c6jng4VcS6Yi9kmE9yb+FUt5Rb+gCzny6awtqw=
github.com/jgthms/bulma v0.0.0-20240904155414-9a1b6201955d/go.mod h1:89FLBKXYFKfOKAoDeUT26V0pHGwzr205cMXAEqtAVOI=
