github.com/Sawdust-Savage-Arbor-Co/bulma v0.0.0-20240904155414-9a1b6201955d h1:4aE5lDiWjM2yb57W3yXE0Fm8uJU6euo07L/7ew88zOc=
github.com/Sawdust-Savage-Arbor-Co/bulma v0.0.0-20240904155414-9a1b6201955d/go.mod h1:cwGf/l9A6D3eTnd0gPUm6P36O1EW6tSQX8IR3dTa6GY=
github.com/Sawdust-Savage-Arbor-Co/hugo-fresh v0.0.0-20240911163942-54aa8cc606eb h1:RFQue+gk5MjALS0Q1ZeBPizgx8fJ23/5LrGSbxwScIw=
github.com/Sawdust-Savage-Arbor-Co/hugo-fresh v0.0.0-20240911163942-54aa8cc606eb/go.mod h1:ck4SwUt4427zZVSflxOorEpz7ijG3fQhsyd4+NDfmcA=
